Microsoft Visual Studio Solution File, Format Version 12.00
# Visual Studio Version 16
VisualStudioVersion = 16.0.31410.357
MinimumVisualStudioVersion = 10.0.40219.1
Project("{8BC9CEB8-8B4A-11D0-8D11-00A0C91BC942}") = "zlib", "zlib\zlib.vcxproj", "{BE4A9903-B157-7C4D-896F-62AEE8658914}"
EndProject
Project("{8BC9CEB8-8B4A-11D0-8D11-00A0C91BC942}") = "flasm", "flasm\flasm.vcxproj", "{759DC637-1B63-4EB9-8527-6A24FDDD85E0}"
	ProjectSection(ProjectDependencies) = postProject
		{BE4A9903-B157-7C4D-896F-62AEE8658914} = {BE4A9903-B157-7C4D-896F-62AEE8658914}
	EndProjectSection
EndProject
Project("{8BC9CEB8-8B4A-11D0-8D11-00A0C91BC942}") = "jpeg", "libjpeg\jpeg.vcxproj", "{019DBD2A-273D-4BA4-BF86-B5EFE2ED76B1}"
EndProject
Project("{8BC9CEB8-8B4A-11D0-8D11-00A0C91BC942}") = "triangle", "triangle\triangle.vcxproj", "{6E4B05F3-68B0-4640-9BD4-3341B856C448}"
EndProject
Project("{9A19103F-16F7-4668-BE54-9A1E7A4F7556}") = "SwfLib", "SwfLib\SwfLib.csproj", "{9C58BF24-6AD3-42E4-AFEE-AC2C308427D8}"
EndProject
Project("{9A19103F-16F7-4668-BE54-9A1E7A4F7556}") = "eaf2apt", "eaf2apt\eaf2apt.csproj", "{A32954D5-1175-4896-AF83-51E11767161D}"
	ProjectSection(ProjectDependencies) = postProject
		{9C58BF24-6AD3-42E4-AFEE-AC2C308427D8} = {9C58BF24-6AD3-42E4-AFEE-AC2C308427D8}
		{019DBD2A-273D-4BA4-BF86-B5EFE2ED76B1} = {019DBD2A-273D-4BA4-BF86-B5EFE2ED76B1}
	EndProjectSection
EndProject
Global
	GlobalSection(SolutionConfigurationPlatforms) = preSolution
		Debug|x86 = Debug|x86
		Release|x86 = Release|x86
	EndGlobalSection
	GlobalSection(ProjectConfigurationPlatforms) = postSolution
		{BE4A9903-B157-7C4D-896F-62AEE8658914}.Debug|x86.ActiveCfg = Debug|Win32
		{BE4A9903-B157-7C4D-896F-62AEE8658914}.Debug|x86.Build.0 = Debug|Win32
		{BE4A9903-B157-7C4D-896F-62AEE8658914}.Release|x86.ActiveCfg = Release|Win32
		{BE4A9903-B157-7C4D-896F-62AEE8658914}.Release|x86.Build.0 = Release|Win32
		{759DC637-1B63-4EB9-8527-6A24FDDD85E0}.Debug|x86.ActiveCfg = Debug|Win32
		{759DC637-1B63-4EB9-8527-6A24FDDD85E0}.Debug|x86.Build.0 = Debug|Win32
		{759DC637-1B63-4EB9-8527-6A24FDDD85E0}.Release|x86.ActiveCfg = Release|Win32
		{759DC637-1B63-4EB9-8527-6A24FDDD85E0}.Release|x86.Build.0 = Release|Win32
		{019DBD2A-273D-4BA4-BF86-B5EFE2ED76B1}.Debug|x86.ActiveCfg = Debug|Win32
		{019DBD2A-273D-4BA4-BF86-B5EFE2ED76B1}.Debug|x86.Build.0 = Debug|Win32
		{019DBD2A-273D-4BA4-BF86-B5EFE2ED76B1}.Release|x86.ActiveCfg = Release|Win32
		{019DBD2A-273D-4BA4-BF86-B5EFE2ED76B1}.Release|x86.Build.0 = Release|Win32
		{6E4B05F3-68B0-4640-9BD4-3341B856C448}.Debug|x86.ActiveCfg = Debug|Win32
		{6E4B05F3-68B0-4640-9BD4-3341B856C448}.Debug|x86.Build.0 = Debug|Win32
		{6E4B05F3-68B0-4640-9BD4-3341B856C448}.Release|x86.ActiveCfg = Release|Win32
		{6E4B05F3-68B0-4640-9BD4-3341B856C448}.Release|x86.Build.0 = Release|Win32
		{9C58BF24-6AD3-42E4-AFEE-AC2C308427D8}.Debug|x86.ActiveCfg = Debug|x86
		{9C58BF24-6AD3-42E4-AFEE-AC2C308427D8}.Debug|x86.Build.0 = Debug|x86
		{9C58BF24-6AD3-42E4-AFEE-AC2C308427D8}.Release|x86.ActiveCfg = Release|x86
		{9C58BF24-6AD3-42E4-AFEE-AC2C308427D8}.Release|x86.Build.0 = Release|x86
		{A32954D5-1175-4896-AF83-51E11767161D}.Debug|x86.ActiveCfg = Debug|x86
		{A32954D5-1175-4896-AF83-51E11767161D}.Debug|x86.Build.0 = Debug|x86
		{A32954D5-1175-4896-AF83-51E11767161D}.Release|x86.ActiveCfg = Release|x86
		{A32954D5-1175-4896-AF83-51E11767161D}.Release|x86.Build.0 = Release|x86
	EndGlobalSection
	GlobalSection(SolutionProperties) = preSolution
		HideSolutionNode = FALSE
	EndGlobalSection
	GlobalSection(ExtensibilityGlobals) = postSolution
		SolutionGuid = {CD958611-5644-487C-985B-F5C5116DE6AC}
	EndGlobalSection
EndGlobal
