<?xml version="1.0" encoding="utf-8"?>
<Project ToolsVersion="4.0" xmlns="http://schemas.microsoft.com/developer/msbuild/2003">
  <ItemGroup>
    <Filter Include="Source Files">
      <UniqueIdentifier>{98f542b9-95b5-4385-ab37-8a373e395f25}</UniqueIdentifier>
      <Extensions>cpp;c;cxx;rc;def;r;odl;idl;hpj;bat</Extensions>
    </Filter>
    <Filter Include="Header Files">
      <UniqueIdentifier>{7a9ef6b7-667f-4f83-b213-c7a1c18e2410}</UniqueIdentifier>
      <Extensions>h;hpp;hxx;hm;inl</Extensions>
    </Filter>
    <Filter Include="Resource Files">
      <UniqueIdentifier>{05c6fb94-332f-4eb0-8e8e-e7cd55c75575}</UniqueIdentifier>
      <Extensions>ico;cur;bmp;dlg;rc2;rct;bin;rgs;gif;jpg;jpeg;jpe</Extensions>
    </Filter>
  </ItemGroup>
  <ItemGroup>
    <ClCompile Include="Source\argv.cpp">
      <Filter>Source Files</Filter>
    </ClCompile>
    <ClCompile Include="Source\ImageInfo.cpp">
      <Filter>Source Files</Filter>
    </ClCompile>
    <ClCompile Include="Source\ImagePacker.cpp">
      <Filter>Source Files</Filter>
    </ClCompile>
    <ClCompile Include="Source\Targa.cpp">
      <Filter>Source Files</Filter>
    </ClCompile>
    <ClCompile Include="Source\TexturePage.cpp">
      <Filter>Source Files</Filter>
    </ClCompile>
    <ClCompile Include="Source\WinMain.cpp">
      <Filter>Source Files</Filter>
    </ClCompile>
  </ItemGroup>
  <ItemGroup>
    <ClInclude Include="Include\argv.h">
      <Filter>Header Files</Filter>
    </ClInclude>
    <ClInclude Include="Include\BaseType.h">
      <Filter>Header Files</Filter>
    </ClInclude>
    <ClInclude Include="Include\ImageDirectory.h">
      <Filter>Header Files</Filter>
    </ClInclude>
    <ClInclude Include="Include\ImageInfo.h">
      <Filter>Header Files</Filter>
    </ClInclude>
    <ClInclude Include="Include\ImagePacker.h">
      <Filter>Header Files</Filter>
    </ClInclude>
    <ClInclude Include="Include\Targa.h">
      <Filter>Header Files</Filter>
    </ClInclude>
    <ClInclude Include="Include\TexturePage.h">
      <Filter>Header Files</Filter>
    </ClInclude>
    <ClInclude Include="Include\trig.h">
      <Filter>Header Files</Filter>
    </ClInclude>
    <ClInclude Include="Include\WinMain.h">
      <Filter>Header Files</Filter>
    </ClInclude>
    <ClInclude Include="Resource\Resource.h">
      <Filter>Resource Files</Filter>
    </ClInclude>
  </ItemGroup>
  <ItemGroup>
    <ResourceCompile Include="Resource\ImagePacker.rc">
      <Filter>Resource Files</Filter>
    </ResourceCompile>
  </ItemGroup>
</Project>